// !$*UTF8*$!
{
	archiveVersion = 1;
	classes = {
	};
	objectVersion = 50;
	objects = {

/* Begin PBXBuildFile section */
		3E41994B2212B45700FE445D /* AppDelegate.m in Sources */ = {isa = PBXBuildFile; fileRef = 3E41994A2212B45700FE445D /* AppDelegate.m */; };
		3E41994E2212B45700FE445D /* ViewController.m in Sources */ = {isa = PBXBuildFile; fileRef = 3E41994D2212B45700FE445D /* ViewController.m */; };
		3E4199512212B45700FE445D /* Main.storyboard in Resources */ = {isa = PBXBuildFile; fileRef = 3E41994F2212B45700FE445D /* Main.storyboard */; };
		3E4199532212B45800FE445D /* Assets.xcassets in Resources */ = {isa = PBXBuildFile; fileRef = 3E4199522212B45800FE445D /* Assets.xcassets */; };
		3E4199562212B45800FE445D /* LaunchScreen.storyboard in Resources */ = {isa = PBXBuildFile; fileRef = 3E4199542212B45800FE445D /* LaunchScreen.storyboard */; };
		3E4199592212B45800FE445D /* main.m in Sources */ = {isa = PBXBuildFile; fileRef = 3E4199582212B45800FE445D /* main.m */; };
		3E4199632212B45900FE445D /* WKWebViewTests.m in Sources */ = {isa = PBXBuildFile; fileRef = 3E4199622212B45900FE445D /* WKWebViewTests.m */; };
		3E41996E2212B45900FE445D /* WKWebViewUITests.m in Sources */ = {isa = PBXBuildFile; fileRef = 3E41996D2212B45900FE445D /* WKWebViewUITests.m */; };
		3E41997E2212B5BF00FE445D /* LYBWebView.m in Sources */ = {isa = PBXBuildFile; fileRef = 3E41997D2212B5BF00FE445D /* LYBWebView.m */; };
		3E4199812212B68A00FE445D /* LYBWebViewConfiguration.m in Sources */ = {isa = PBXBuildFile; fileRef = 3E4199802212B68A00FE445D /* LYBWebViewConfiguration.m */; };
		3E4199852212BDCD00FE445D /* LYCWebView.m in Sources */ = {isa = PBXBuildFile; fileRef = 3E4199842212BDCD00FE445D /* LYCWebView.m */; };
		3E4199892212BE9B00FE445D /* LYCJSNativeMessageHandel.m in Sources */ = {isa = PBXBuildFile; fileRef = 3E4199882212BE9B00FE445D /* LYCJSNativeMessageHandel.m */; };
		3E41998D2212C1A300FE445D /* LYCWebView+JSNativeJSSDK.m in Sources */ = {isa = PBXBuildFile; fileRef = 3E41998C2212C1A300FE445D /* LYCWebView+JSNativeJSSDK.m */; };
		3E4199942212C5E100FE445D /* articleStyle.css in Resources */ = {isa = PBXBuildFile; fileRef = 3E4199902212C5E000FE445D /* articleStyle.css */; };
		3E4199952212C5E100FE445D /* webViewTestDemo.html in Resources */ = {isa = PBXBuildFile; fileRef = 3E4199912212C5E100FE445D /* webViewTestDemo.html */; };
		3E4199962212C5E100FE445D /* com_JS_App_Bridge.js in Resources */ = {isa = PBXBuildFile; fileRef = 3E4199922212C5E100FE445D /* com_JS_App_Bridge.js */; };
		3E4199972212C5E100FE445D /* articleDetail.js in Resources */ = {isa = PBXBuildFile; fileRef = 3E4199932212C5E100FE445D /* articleDetail.js */; };
		3E4199992213E6B500FE445D /* jianjie.png in Resources */ = {isa = PBXBuildFile; fileRef = 3E4199982213E6B400FE445D /* jianjie.png */; };
/* End PBXBuildFile section */

/* Begin PBXContainerItemProxy section */
		3E41995F2212B45800FE445D /* PBXContainerItemProxy */ = {
			isa = PBXContainerItemProxy;
			containerPortal = 3E41993E2212B45700FE445D /* Project object */;
			proxyType = 1;
			remoteGlobalIDString = 3E4199452212B45700FE445D;
			remoteInfo = WKWebView;
		};
		3E41996A2212B45900FE445D /* PBXContainerItemProxy */ = {
			isa = PBXContainerItemProxy;
			containerPortal = 3E41993E2212B45700FE445D /* Project object */;
			proxyType = 1;
			remoteGlobalIDString = 3E4199452212B45700FE445D;
			remoteInfo = WKWebView;
		};
/* End PBXContainerItemProxy section */

/* Begin PBXFileReference section */
		3E4199462212B45700FE445D /* WKWebView.app */ = {isa = PBXFileReference; explicitFileType = wrapper.application; includeInIndex = 0; path = WKWebView.app; sourceTree = BUILT_PRODUCTS_DIR; };
		3E4199492212B45700FE445D /* AppDelegate.h */ = {isa = PBXFileReference; lastKnownFileType = sourcecode.c.h; path = AppDelegate.h; sourceTree = "<group>"; };
		3E41994A2212B45700FE445D /* AppDelegate.m */ = {isa = PBXFileReference; lastKnownFileType = sourcecode.c.objc; path = AppDelegate.m; sourceTree = "<group>"; };
		3E41994C2212B45700FE445D /* ViewController.h */ = {isa = PBXFileReference; lastKnownFileType = sourcecode.c.h; path = ViewController.h; sourceTree = "<group>"; };
		3E41994D2212B45700FE445D /* ViewController.m */ = {isa = PBXFileReference; lastKnownFileType = sourcecode.c.objc; path = ViewController.m; sourceTree = "<group>"; };
		3E4199502212B45700FE445D /* Base */ = {isa = PBXFileReference; lastKnownFileType = file.storyboard; name = Base; path = Base.lproj/Main.storyboard; sourceTree = "<group>"; };
		3E4199522212B45800FE445D /* Assets.xcassets */ = {isa = PBXFileReference; lastKnownFileType = folder.assetcatalog; path = Assets.xcassets; sourceTree = "<group>"; };
		3E4199552212B45800FE445D /* Base */ = {isa = PBXFileReference; lastKnownFileType = file.storyboard; name = Base; path = Base.lproj/LaunchScreen.storyboard; sourceTree = "<group>"; };
		3E4199572212B45800FE445D /* Info.plist */ = {isa = PBXFileReference; lastKnownFileType = text.plist.xml; path = Info.plist; sourceTree = "<group>"; };
		3E4199582212B45800FE445D /* main.m */ = {isa = PBXFileReference; lastKnownFileType = sourcecode.c.objc; path = main.m; sourceTree = "<group>"; };
		3E41995E2212B45800FE445D /* WKWebViewTests.xctest */ = {isa = PBXFileReference; explicitFileType = wrapper.cfbundle; includeInIndex = 0; path = WKWebViewTests.xctest; sourceTree = BUILT_PRODUCTS_DIR; };
		3E4199622212B45900FE445D /* WKWebViewTests.m */ = {isa = PBXFileReference; lastKnownFileType = sourcecode.c.objc; path = WKWebViewTests.m; sourceTree = "<group>"; };
		3E4199642212B45900FE445D /* Info.plist */ = {isa = PBXFileReference; lastKnownFileType = text.plist.xml; path = Info.plist; sourceTree = "<group>"; };
		3E4199692212B45900FE445D /* WKWebViewUITests.xctest */ = {isa = PBXFileReference; explicitFileType = wrapper.cfbundle; includeInIndex = 0; path = WKWebViewUITests.xctest; sourceTree = BUILT_PRODUCTS_DIR; };
		3E41996D2212B45900FE445D /* WKWebViewUITests.m */ = {isa = PBXFileReference; lastKnownFileType = sourcecode.c.objc; path = WKWebViewUITests.m; sourceTree = "<group>"; };
		3E41996F2212B45900FE445D /* Info.plist */ = {isa = PBXFileReference; lastKnownFileType = text.plist.xml; path = Info.plist; sourceTree = "<group>"; };
		3E41997C2212B5BF00FE445D /* LYBWebView.h */ = {isa = PBXFileReference; lastKnownFileType = sourcecode.c.h; path = LYBWebView.h; sourceTree = "<group>"; };
		3E41997D2212B5BF00FE445D /* LYBWebView.m */ = {isa = PBXFileReference; lastKnownFileType = sourcecode.c.objc; path = LYBWebView.m; sourceTree = "<group>"; };
		3E41997F2212B68A00FE445D /* LYBWebViewConfiguration.h */ = {isa = PBXFileReference; lastKnownFileType = sourcecode.c.h; path = LYBWebViewConfiguration.h; sourceTree = "<group>"; };
		3E4199802212B68A00FE445D /* LYBWebViewConfiguration.m */ = {isa = PBXFileReference; lastKnownFileType = sourcecode.c.objc; path = LYBWebViewConfiguration.m; sourceTree = "<group>"; };
		3E4199832212BDCD00FE445D /* LYCWebView.h */ = {isa = PBXFileReference; lastKnownFileType = sourcecode.c.h; path = LYCWebView.h; sourceTree = "<group>"; };
		3E4199842212BDCD00FE445D /* LYCWebView.m */ = {isa = PBXFileReference; lastKnownFileType = sourcecode.c.objc; path = LYCWebView.m; sourceTree = "<group>"; };
		3E4199862212BE4A00FE445D /* LYMacroHeader.h */ = {isa = PBXFileReference; fileEncoding = 4; lastKnownFileType = sourcecode.c.h; path = LYMacroHeader.h; sourceTree = "<group>"; };
		3E4199872212BE9B00FE445D /* LYCJSNativeMessageHandel.h */ = {isa = PBXFileReference; lastKnownFileType = sourcecode.c.h; path = LYCJSNativeMessageHandel.h; sourceTree = "<group>"; };
		3E4199882212BE9B00FE445D /* LYCJSNativeMessageHandel.m */ = {isa = PBXFileReference; lastKnownFileType = sourcecode.c.objc; path = LYCJSNativeMessageHandel.m; sourceTree = "<group>"; };
		3E41998B2212C1A300FE445D /* LYCWebView+JSNativeJSSDK.h */ = {isa = PBXFileReference; lastKnownFileType = sourcecode.c.h; path = "LYCWebView+JSNativeJSSDK.h"; sourceTree = "<group>"; };
		3E41998C2212C1A300FE445D /* LYCWebView+JSNativeJSSDK.m */ = {isa = PBXFileReference; lastKnownFileType = sourcecode.c.objc; path = "LYCWebView+JSNativeJSSDK.m"; sourceTree = "<group>"; };
		3E41998E2212C21100FE445D /* LYPJSSDKContext.h */ = {isa = PBXFileReference; lastKnownFileType = sourcecode.c.h; path = LYPJSSDKContext.h; sourceTree = "<group>"; };
		3E4199902212C5E000FE445D /* articleStyle.css */ = {isa = PBXFileReference; fileEncoding = 4; lastKnownFileType = text.css; path = articleStyle.css; sourceTree = "<group>"; };
		3E4199912212C5E100FE445D /* webViewTestDemo.html */ = {isa = PBXFileReference; fileEncoding = 4; lastKnownFileType = text.html; path = webViewTestDemo.html; sourceTree = "<group>"; };
		3E4199922212C5E100FE445D /* com_JS_App_Bridge.js */ = {isa = PBXFileReference; fileEncoding = 4; lastKnownFileType = sourcecode.javascript; path = com_JS_App_Bridge.js; sourceTree = "<group>"; };
		3E4199932212C5E100FE445D /* articleDetail.js */ = {isa = PBXFileReference; fileEncoding = 4; lastKnownFileType = sourcecode.javascript; path = articleDetail.js; sourceTree = "<group>"; };
		3E4199982213E6B400FE445D /* jianjie.png */ = {isa = PBXFileReference; lastKnownFileType = image.png; path = jianjie.png; sourceTree = "<group>"; };
/* End PBXFileReference section */

/* Begin PBXFrameworksBuildPhase section */
		3E4199432212B45700FE445D /* Frameworks */ = {
			isa = PBXFrameworksBuildPhase;
			buildActionMask = 2147483647;
			files = (
			);
			runOnlyForDeploymentPostprocessing = 0;
		};
		3E41995B2212B45800FE445D /* Frameworks */ = {
			isa = PBXFrameworksBuildPhase;
			buildActionMask = 2147483647;
			files = (
			);
			runOnlyForDeploymentPostprocessing = 0;
		};
		3E4199662212B45900FE445D /* Frameworks */ = {
			isa = PBXFrameworksBuildPhase;
			buildActionMask = 2147483647;
			files = (
			);
			runOnlyForDeploymentPostprocessing = 0;
		};
/* End PBXFrameworksBuildPhase section */

/* Begin PBXGroup section */
		3E41993D2212B45700FE445D = {
			isa = PBXGroup;
			children = (
				3E4199482212B45700FE445D /* WKWebView */,
				3E4199612212B45800FE445D /* WKWebViewTests */,
				3E41996C2212B45900FE445D /* WKWebViewUITests */,
				3E4199472212B45700FE445D /* Products */,
			);
			sourceTree = "<group>";
		};
		3E4199472212B45700FE445D /* Products */ = {
			isa = PBXGroup;
			children = (
				3E4199462212B45700FE445D /* WKWebView.app */,
				3E41995E2212B45800FE445D /* WKWebViewTests.xctest */,
				3E4199692212B45900FE445D /* WKWebViewUITests.xctest */,
			);
			name = Products;
			sourceTree = "<group>";
		};
		3E4199482212B45700FE445D /* WKWebView */ = {
			isa = PBXGroup;
			children = (
				3E4199822212BDA300FE445D /* LYCWebView */,
				3E41997B2212B57E00FE445D /* LYBWebView */,
				3E4199492212B45700FE445D /* AppDelegate.h */,
				3E41994A2212B45700FE445D /* AppDelegate.m */,
				3E41998F2212C5BB00FE445D /* LYWebViewDemo */,
				3E41994F2212B45700FE445D /* Main.storyboard */,
				3E4199522212B45800FE445D /* Assets.xcassets */,
				3E4199542212B45800FE445D /* LaunchScreen.storyboard */,
				3E4199572212B45800FE445D /* Info.plist */,
				3E4199582212B45800FE445D /* main.m */,
			);
			path = WKWebView;
			sourceTree = "<group>";
		};
		3E4199612212B45800FE445D /* WKWebViewTests */ = {
			isa = PBXGroup;
			children = (
				3E4199622212B45900FE445D /* WKWebViewTests.m */,
				3E4199642212B45900FE445D /* Info.plist */,
			);
			path = WKWebViewTests;
			sourceTree = "<group>";
		};
		3E41996C2212B45900FE445D /* WKWebViewUITests */ = {
			isa = PBXGroup;
			children = (
				3E41996D2212B45900FE445D /* WKWebViewUITests.m */,
				3E41996F2212B45900FE445D /* Info.plist */,
			);
			path = WKWebViewUITests;
			sourceTree = "<group>";
		};
		3E41997B2212B57E00FE445D /* LYBWebView */ = {
			isa = PBXGroup;
			children = (
				3E41997C2212B5BF00FE445D /* LYBWebView.h */,
				3E41997D2212B5BF00FE445D /* LYBWebView.m */,
				3E41997F2212B68A00FE445D /* LYBWebViewConfiguration.h */,
				3E4199802212B68A00FE445D /* LYBWebViewConfiguration.m */,
			);
			path = LYBWebView;
			sourceTree = "<group>";
		};
		3E4199822212BDA300FE445D /* LYCWebView */ = {
			isa = PBXGroup;
			children = (
				3E4199862212BE4A00FE445D /* LYMacroHeader.h */,
				3E4199832212BDCD00FE445D /* LYCWebView.h */,
				3E4199842212BDCD00FE445D /* LYCWebView.m */,
				3E4199872212BE9B00FE445D /* LYCJSNativeMessageHandel.h */,
				3E4199882212BE9B00FE445D /* LYCJSNativeMessageHandel.m */,
				3E41998B2212C1A300FE445D /* LYCWebView+JSNativeJSSDK.h */,
				3E41998C2212C1A300FE445D /* LYCWebView+JSNativeJSSDK.m */,
				3E41998E2212C21100FE445D /* LYPJSSDKContext.h */,
			);
			path = LYCWebView;
			sourceTree = "<group>";
		};
		3E41998F2212C5BB00FE445D /* LYWebViewDemo */ = {
			isa = PBXGroup;
			children = (
				3E4199982213E6B400FE445D /* jianjie.png */,
				3E4199932212C5E100FE445D /* articleDetail.js */,
				3E4199902212C5E000FE445D /* articleStyle.css */,
				3E4199922212C5E100FE445D /* com_JS_App_Bridge.js */,
				3E4199912212C5E100FE445D /* webViewTestDemo.html */,
				3E41994C2212B45700FE445D /* ViewController.h */,
				3E41994D2212B45700FE445D /* ViewController.m */,
			);
			path = LYWebViewDemo;
			sourceTree = "<group>";
		};
/* End PBXGroup section */

/* Begin PBXNativeTarget section */
		3E4199452212B45700FE445D /* WKWebView */ = {
			isa = PBXNativeTarget;
			buildConfigurationList = 3E4199722212B45900FE445D /* Build configuration list for PBXNativeTarget "WKWebView" */;
			buildPhases = (
				3E4199422212B45700FE445D /* Sources */,
				3E4199432212B45700FE445D /* Frameworks */,
				3E4199442212B45700FE445D /* Resources */,
			);
			buildRules = (
			);
			dependencies = (
			);
			name = WKWebView;
			productName = WKWebView;
			productReference = 3E4199462212B45700FE445D /* WKWebView.app */;
			productType = "com.apple.product-type.application";
		};
		3E41995D2212B45800FE445D /* WKWebViewTests */ = {
			isa = PBXNativeTarget;
			buildConfigurationList = 3E4199752212B45900FE445D /* Build configuration list for PBXNativeTarget "WKWebViewTests" */;
			buildPhases = (
				3E41995A2212B45800FE445D /* Sources */,
				3E41995B2212B45800FE445D /* Frameworks */,
				3E41995C2212B45800FE445D /* Resources */,
			);
			buildRules = (
			);
			dependencies = (
				3E4199602212B45800FE445D /* PBXTargetDependency */,
			);
			name = WKWebViewTests;
			productName = WKWebViewTests;
			productReference = 3E41995E2212B45800FE445D /* WKWebViewTests.xctest */;
			productType = "com.apple.product-type.bundle.unit-test";
		};
		3E4199682212B45900FE445D /* WKWebViewUITests */ = {
			isa = PBXNativeTarget;
			buildConfigurationList = 3E4199782212B45900FE445D /* Build configuration list for PBXNativeTarget "WKWebViewUITests" */;
			buildPhases = (
				3E4199652212B45900FE445D /* Sources */,
				3E4199662212B45900FE445D /* Frameworks */,
				3E4199672212B45900FE445D /* Resources */,
			);
			buildRules = (
			);
			dependencies = (
				3E41996B2212B45900FE445D /* PBXTargetDependency */,
			);
			name = WKWebViewUITests;
			productName = WKWebViewUITests;
			productReference = 3E4199692212B45900FE445D /* WKWebViewUITests.xctest */;
			productType = "com.apple.product-type.bundle.ui-testing";
		};
/* End PBXNativeTarget section */

/* Begin PBXProject section */
		3E41993E2212B45700FE445D /* Project object */ = {
			isa = PBXProject;
			attributes = {
				LastUpgradeCheck = 1010;
				ORGANIZATIONNAME = lianyangyang;
				TargetAttributes = {
					3E4199452212B45700FE445D = {
						CreatedOnToolsVersion = 10.1;
					};
					3E41995D2212B45800FE445D = {
						CreatedOnToolsVersion = 10.1;
						TestTargetID = 3E4199452212B45700FE445D;
					};
					3E4199682212B45900FE445D = {
						CreatedOnToolsVersion = 10.1;
						TestTargetID = 3E4199452212B45700FE445D;
					};
				};
			};
			buildConfigurationList = 3E4199412212B45700FE445D /* Build configuration list for PBXProject "WKWebView" */;
			compatibilityVersion = "Xcode 9.3";
			developmentRegion = en;
			hasScannedForEncodings = 0;
			knownRegions = (
				en,
				Base,
			);
			mainGroup = 3E41993D2212B45700FE445D;
			productRefGroup = 3E4199472212B45700FE445D /* Products */;
			projectDirPath = "";
			projectRoot = "";
			targets = (
				3E4199452212B45700FE445D /* WKWebView */,
				3E41995D2212B45800FE445D /* WKWebViewTests */,
				3E4199682212B45900FE445D /* WKWebViewUITests */,
			);
		};
/* End PBXProject section */

/* Begin PBXResourcesBuildPhase section */
		3E4199442212B45700FE445D /* Resources */ = {
			isa = PBXResourcesBuildPhase;
			buildActionMask = 2147483647;
			files = (
				3E4199942212C5E100FE445D /* articleStyle.css in Resources */,
				3E4199952212C5E100FE445D /* webViewTestDemo.html in Resources */,
				3E4199962212C5E100FE445D /* com_JS_App_Bridge.js in Resources */,
				3E4199562212B45800FE445D /* LaunchScreen.storyboard in Resources */,
				3E4199532212B45800FE445D /* Assets.xcassets in Resources */,
				3E4199972212C5E100FE445D /* articleDetail.js in Resources */,
				3E4199992213E6B500FE445D /* jianjie.png in Resources */,
				3E4199512212B45700FE445D /* Main.storyboard in Resources */,
			);
			runOnlyForDeploymentPostprocessing = 0;
		};
		3E41995C2212B45800FE445D /* Resources */ = {
			isa = PBXResourcesBuildPhase;
			buildActionMask = 2147483647;
			files = (
			);
			runOnlyForDeploymentPostprocessing = 0;
		};
		3E4199672212B45900FE445D /* Resources */ = {
			isa = PBXResourcesBuildPhase;
			buildActionMask = 2147483647;
			files = (
			);
			runOnlyForDeploymentPostprocessing = 0;
		};
/* End PBXResourcesBuildPhase section */

/* Begin PBXSourcesBuildPhase section */
		3E4199422212B45700FE445D /* Sources */ = {
			isa = PBXSourcesBuildPhase;
			buildActionMask = 2147483647;
			files = (
				3E41994E2212B45700FE445D /* ViewController.m in Sources */,
				3E4199812212B68A00FE445D /* LYBWebViewConfiguration.m in Sources */,
				3E4199892212BE9B00FE445D /* LYCJSNativeMessageHandel.m in Sources */,
				3E4199592212B45800FE445D /* main.m in Sources */,
				3E41998D2212C1A300FE445D /* LYCWebView+JSNativeJSSDK.m in Sources */,
				3E41994B2212B45700FE445D /* AppDelegate.m in Sources */,
				3E4199852212BDCD00FE445D /* LYCWebView.m in Sources */,
				3E41997E2212B5BF00FE445D /* LYBWebView.m in Sources */,
			);
			runOnlyForDeploymentPostprocessing = 0;
		};
		3E41995A2212B45800FE445D /* Sources */ = {
			isa = PBXSourcesBuildPhase;
			buildActionMask = 2147483647;
			files = (
				3E4199632212B45900FE445D /* WKWebViewTests.m in Sources */,
			);
			runOnlyForDeploymentPostprocessing = 0;
		};
		3E4199652212B45900FE445D /* Sources */ = {
			isa = PBXSourcesBuildPhase;
			buildActionMask = 2147483647;
			files = (
				3E41996E2212B45900FE445D /* WKWebViewUITests.m in Sources */,
			);
			runOnlyForDeploymentPostprocessing = 0;
		};
/* End PBXSourcesBuildPhase section */

/* Begin PBXTargetDependency section */
		3E4199602212B45800FE445D /* PBXTargetDependency */ = {
			isa = PBXTargetDependency;
			target = 3E4199452212B45700FE445D /* WKWebView */;
			targetProxy = 3E41995F2212B45800FE445D /* PBXContainerItemProxy */;
		};
		3E41996B2212B45900FE445D /* PBXTargetDependency */ = {
			isa = PBXTargetDependency;
			target = 3E4199452212B45700FE445D /* WKWebView */;
			targetProxy = 3E41996A2212B45900FE445D /* PBXContainerItemProxy */;
		};
/* End PBXTargetDependency section */

/* Begin PBXVariantGroup section */
		3E41994F2212B45700FE445D /* Main.storyboard */ = {
			isa = PBXVariantGroup;
			children = (
				3E4199502212B45700FE445D /* Base */,
			);
			name = Main.storyboard;
			sourceTree = "<group>";
		};
		3E4199542212B45800FE445D /* LaunchScreen.storyboard */ = {
			isa = PBXVariantGroup;
			children = (
				3E4199552212B45800FE445D /* Base */,
			);
			name = LaunchScreen.storyboard;
			sourceTree = "<group>";
		};
/* End PBXVariantGroup section */

/* Begin XCBuildConfiguration section */
		3E4199702212B45900FE445D /* Debug */ = {
			isa = XCBuildConfiguration;
			buildSettings = {
				ALWAYS_SEARCH_USER_PATHS = NO;
				CLANG_ANALYZER_NONNULL = YES;
				CLANG_ANALYZER_NUMBER_OBJECT_CONVERSION = YES_AGGRESSIVE;
				CLANG_CXX_LANGUAGE_STANDARD = "gnu++14";
				CLANG_CXX_LIBRARY = "libc++";
				CLANG_ENABLE_MODULES = YES;
				CLANG_ENABLE_OBJC_ARC = YES;
				CLANG_ENABLE_OBJC_WEAK = YES;
				CLANG_WARN_BLOCK_CAPTURE_AUTORELEASING = YES;
				CLANG_WARN_BOOL_CONVERSION = YES;
				CLANG_WARN_COMMA = YES;
				CLANG_WARN_CONSTANT_CONVERSION = YES;
				CLANG_WARN_DEPRECATED_OBJC_IMPLEMENTATIONS = YES;
				CLANG_WARN_DIRECT_OBJC_ISA_USAGE = YES_ERROR;
				CLANG_WARN_DOCUMENTATION_COMMENTS = YES;
				CLANG_WARN_EMPTY_BODY = YES;
				CLANG_WARN_ENUM_CONVERSION = YES;
				CLANG_WARN_INFINITE_RECURSION = YES;
				CLANG_WARN_INT_CONVERSION = YES;
				CLANG_WARN_NON_LITERAL_NULL_CONVERSION = YES;
				CLANG_WARN_OBJC_IMPLICIT_RETAIN_SELF = YES;
				CLANG_WARN_OBJC_LITERAL_CONVERSION = YES;
				CLANG_WARN_OBJC_ROOT_CLASS = YES_ERROR;
				CLANG_WARN_RANGE_LOOP_ANALYSIS = YES;
				CLANG_WARN_STRICT_PROTOTYPES = YES;
				CLANG_WARN_SUSPICIOUS_MOVE = YES;
				CLANG_WARN_UNGUARDED_AVAILABILITY = YES_AGGRESSIVE;
				CLANG_WARN_UNREACHABLE_CODE = YES;
				CLANG_WARN__DUPLICATE_METHOD_MATCH = YES;
				CODE_SIGN_IDENTITY = "iPhone Developer";
				COPY_PHASE_STRIP = NO;
				DEBUG_INFORMATION_FORMAT = dwarf;
				ENABLE_STRICT_OBJC_MSGSEND = YES;
				ENABLE_TESTABILITY = YES;
				GCC_C_LANGUAGE_STANDARD = gnu11;
				GCC_DYNAMIC_NO_PIC = NO;
				GCC_NO_COMMON_BLOCKS = YES;
				GCC_OPTIMIZATION_LEVEL = 0;
				GCC_PREPROCESSOR_DEFINITIONS = (
					"DEBUG=1",
					"$(inherited)",
				);
				GCC_WARN_64_TO_32_BIT_CONVERSION = YES;
				GCC_WARN_ABOUT_RETURN_TYPE = YES_ERROR;
				GCC_WARN_UNDECLARED_SELECTOR = YES;
				GCC_WARN_UNINITIALIZED_AUTOS = YES_AGGRESSIVE;
				GCC_WARN_UNUSED_FUNCTION = YES;
				GCC_WARN_UNUSED_VARIABLE = YES;
				IPHONEOS_DEPLOYMENT_TARGET = 12.1;
				MTL_ENABLE_DEBUG_INFO = INCLUDE_SOURCE;
				MTL_FAST_MATH = YES;
				ONLY_ACTIVE_ARCH = YES;
				SDKROOT = iphoneos;
			};
			name = Debug;
		};
		3E4199712212B45900FE445D /* Release */ = {
			isa = XCBuildConfiguration;
			buildSettings = {
				ALWAYS_SEARCH_USER_PATHS = NO;
				CLANG_ANALYZER_NONNULL = YES;
				CLANG_ANALYZER_NUMBER_OBJECT_CONVERSION = YES_AGGRESSIVE;
				CLANG_CXX_LANGUAGE_STANDARD = "gnu++14";
				CLANG_CXX_LIBRARY = "libc++";
				CLANG_ENABLE_MODULES = YES;
				CLANG_ENABLE_OBJC_ARC = YES;
				CLANG_ENABLE_OBJC_WEAK = YES;
				CLANG_WARN_BLOCK_CAPTURE_AUTORELEASING = YES;
				CLANG_WARN_BOOL_CONVERSION = YES;
				CLANG_WARN_COMMA = YES;
				CLANG_WARN_CONSTANT_CONVERSION = YES;
				CLANG_WARN_DEPRECATED_OBJC_IMPLEMENTATIONS = YES;
				CLANG_WARN_DIRECT_OBJC_ISA_USAGE = YES_ERROR;
				CLANG_WARN_DOCUMENTATION_COMMENTS = YES;
				CLANG_WARN_EMPTY_BODY = YES;
				CLANG_WARN_ENUM_CONVERSION = YES;
				CLANG_WARN_INFINITE_RECURSION = YES;
				CLANG_WARN_INT_CONVERSION = YES;
				CLANG_WARN_NON_LITERAL_NULL_CONVERSION = YES;
				CLANG_WARN_OBJC_IMPLICIT_RETAIN_SELF = YES;
				CLANG_WARN_OBJC_LITERAL_CONVERSION = YES;
				CLANG_WARN_OBJC_ROOT_CLASS = YES_ERROR;
				CLANG_WARN_RANGE_LOOP_ANALYSIS = YES;
				CLANG_WARN_STRICT_PROTOTYPES = YES;
				CLANG_WARN_SUSPICIOUS_MOVE = YES;
				CLANG_WARN_UNGUARDED_AVAILABILITY = YES_AGGRESSIVE;
				CLANG_WARN_UNREACHABLE_CODE = YES;
				CLANG_WARN__DUPLICATE_METHOD_MATCH = YES;
				CODE_SIGN_IDENTITY = "iPhone Developer";
				COPY_PHASE_STRIP = NO;
				DEBUG_INFORMATION_FORMAT = "dwarf-with-dsym";
				ENABLE_NS_ASSERTIONS = NO;
				ENABLE_STRICT_OBJC_MSGSEND = YES;
				GCC_C_LANGUAGE_STANDARD = gnu11;
				GCC_NO_COMMON_BLOCKS = YES;
				GCC_WARN_64_TO_32_BIT_CONVERSION = YES;
				GCC_WARN_ABOUT_RETURN_TYPE = YES_ERROR;
				GCC_WARN_UNDECLARED_SELECTOR = YES;
				GCC_WARN_UNINITIALIZED_AUTOS = YES_AGGRESSIVE;
				GCC_WARN_UNUSED_FUNCTION = YES;
				GCC_WARN_UNUSED_VARIABLE = YES;
				IPHONEOS_DEPLOYMENT_TARGET = 12.1;
				MTL_ENABLE_DEBUG_INFO = NO;
				MTL_FAST_MATH = YES;
				SDKROOT = iphoneos;
				VALIDATE_PRODUCT = YES;
			};
			name = Release;
		};
		3E4199732212B45900FE445D /* Debug */ = {
			isa = XCBuildConfiguration;
			buildSettings = {
				ASSETCATALOG_COMPILER_APPICON_NAME = AppIcon;
				CODE_SIGN_STYLE = Automatic;
				INFOPLIST_FILE = WKWebView/Info.plist;
				LD_RUNPATH_SEARCH_PATHS = (
					"$(inherited)",
					"@executable_path/Frameworks",
				);
				PRODUCT_BUNDLE_IDENTIFIER = hhhhhnhhh.WKWebView;
				PRODUCT_NAME = "$(TARGET_NAME)";
				TARGETED_DEVICE_FAMILY = "1,2";
			};
			name = Debug;
		};
		3E4199742212B45900FE445D /* Release */ = {
			isa = XCBuildConfiguration;
			buildSettings = {
				ASSETCATALOG_COMPILER_APPICON_NAME = AppIcon;
				CODE_SIGN_STYLE = Automatic;
				INFOPLIST_FILE = WKWebView/Info.plist;
				LD_RUNPATH_SEARCH_PATHS = (
					"$(inherited)",
					"@executable_path/Frameworks",
				);
				PRODUCT_BUNDLE_IDENTIFIER = hhhhhnhhh.WKWebView;
				PRODUCT_NAME = "$(TARGET_NAME)";
				TARGETED_DEVICE_FAMILY = "1,2";
			};
			name = Release;
		};
		3E4199762212B45900FE445D /* Debug */ = {
			isa = XCBuildConfiguration;
			buildSettings = {
				BUNDLE_LOADER = "$(TEST_HOST)";
				CODE_SIGN_STYLE = Automatic;
				INFOPLIST_FILE = WKWebViewTests/Info.plist;
				LD_RUNPATH_SEARCH_PATHS = (
					"$(inherited)",
					"@executable_path/Frameworks",
					"@loader_path/Frameworks",
				);
				PRODUCT_BUNDLE_IDENTIFIER = hhhhhnhhh.WKWebViewTests;
				PRODUCT_NAME = "$(TARGET_NAME)";
				TARGETED_DEVICE_FAMILY = "1,2";
				TEST_HOST = "$(BUILT_PRODUCTS_DIR)/WKWebView.app/WKWebView";
			};
			name = Debug;
		};
		3E4199772212B45900FE445D /* Release */ = {
			isa = XCBuildConfiguration;
			buildSettings = {
				BUNDLE_LOADER = "$(TEST_HOST)";
				CODE_SIGN_STYLE = Automatic;
				INFOPLIST_FILE = WKWebViewTests/Info.plist;
				LD_RUNPATH_SEARCH_PATHS = (
					"$(inherited)",
					"@executable_path/Frameworks",
					"@loader_path/Frameworks",
				);
				PRODUCT_BUNDLE_IDENTIFIER = hhhhhnhhh.WKWebViewTests;
				PRODUCT_NAME = "$(TARGET_NAME)";
				TARGETED_DEVICE_FAMILY = "1,2";
				TEST_HOST = "$(BUILT_PRODUCTS_DIR)/WKWebView.app/WKWebView";
			};
			name = Release;
		};
		3E4199792212B45900FE445D /* Debug */ = {
			isa = XCBuildConfiguration;
			buildSettings = {
				CODE_SIGN_STYLE = Automatic;
				INFOPLIST_FILE = WKWebViewUITests/Info.plist;
				LD_RUNPATH_SEARCH_PATHS = (
					"$(inherited)",
					"@executable_path/Frameworks",
					"@loader_path/Frameworks",
				);
				PRODUCT_BUNDLE_IDENTIFIER = hhhhhnhhh.WKWebViewUITests;
				PRODUCT_NAME = "$(TARGET_NAME)";
				TARGETED_DEVICE_FAMILY = "1,2";
				TEST_TARGET_NAME = WKWebView;
			};
			name = Debug;
		};
		3E41997A2212B45900FE445D /* Release */ = {
			isa = XCBuildConfiguration;
			buildSettings = {
				CODE_SIGN_STYLE = Automatic;
				INFOPLIST_FILE = WKWebViewUITests/Info.plist;
				LD_RUNPATH_SEARCH_PATHS = (
					"$(inherited)",
					"@executable_path/Frameworks",
					"@loader_path/Frameworks",
				);
				PRODUCT_BUNDLE_IDENTIFIER = hhhhhnhhh.WKWebViewUITests;
				PRODUCT_NAME = "$(TARGET_NAME)";
				TARGETED_DEVICE_FAMILY = "1,2";
				TEST_TARGET_NAME = WKWebView;
			};
			name = Release;
		};
/* End XCBuildConfiguration section */

/* Begin XCConfigurationList section */
		3E4199412212B45700FE445D /* Build configuration list for PBXProject "WKWebView" */ = {
			isa = XCConfigurationList;
			buildConfigurations = (
				3E4199702212B45900FE445D /* Debug */,
				3E4199712212B45900FE445D /* Release */,
			);
			defaultConfigurationIsVisible = 0;
			defaultConfigurationName = Release;
		};
		3E4199722212B45900FE445D /* Build configuration list for PBXNativeTarget "WKWebView" */ = {
			isa = XCConfigurationList;
			buildConfigurations = (
				3E4199732212B45900FE445D /* Debug */,
				3E4199742212B45900FE445D /* Release */,
			);
			defaultConfigurationIsVisible = 0;
			defaultConfigurationName = Release;
		};
		3E4199752212B45900FE445D /* Build configuration list for PBXNativeTarget "WKWebViewTests" */ = {
			isa = XCConfigurationList;
			buildConfigurations = (
				3E4199762212B45900FE445D /* Debug */,
				3E4199772212B45900FE445D /* Release */,
			);
			defaultConfigurationIsVisible = 0;
			defaultConfigurationName = Release;
		};
		3E4199782212B45900FE445D /* Build configuration list for PBXNativeTarget "WKWebViewUITests" */ = {
			isa = XCConfigurationList;
			buildConfigurations = (
				3E4199792212B45900FE445D /* Debug */,
				3E41997A2212B45900FE445D /* Release */,
			);
			defaultConfigurationIsVisible = 0;
			defaultConfigurationName = Release;
		};
/* End XCConfigurationList section */
	};
	rootObject = 3E41993E2212B45700FE445D /* Project object */;
}
